// !$*UTF8*$!
{
	archiveVersion = 1;
	classes = {
	};
	objectVersion = 50;
	objects = {

/* Begin PBXBuildFile section */
		2F2E01C9215FB24A0069DB68 /* AppDelegate.m in Sources */ = {isa = PBXBuildFile; fileRef = 2F2E01C8215FB24A0069DB68 /* AppDelegate.m */; };
		2F2E01CC215FB24A0069DB68 /* ViewController.m in Sources */ = {isa = PBXBuildFile; fileRef = 2F2E01CB215FB24A0069DB68 /* ViewController.m */; };
		2F2E01CF215FB24A0069DB68 /* Main.storyboard in Resources */ = {isa = PBXBuildFile; fileRef = 2F2E01CD215FB24A0069DB68 /* Main.storyboard */; };
		2F2E01D1215FB24C0069DB68 /* Assets.xcassets in Resources */ = {isa = PBXBuildFile; fileRef = 2F2E01D0215FB24C0069DB68 /* Assets.xcassets */; };
		2F2E01D4215FB24C0069DB68 /* LaunchScreen.storyboard in Resources */ = {isa = PBXBuildFile; fileRef = 2F2E01D2215FB24C0069DB68 /* LaunchScreen.storyboard */; };
		2F2E01D7215FB24C0069DB68 /* main.m in Sources */ = {isa = PBXBuildFile; fileRef = 2F2E01D6215FB24C0069DB68 /* main.m */; };
		2F2E01EC215FCA810069DB68 /* ZSDeviceToolsManager.m in Sources */ = {isa = PBXBuildFile; fileRef = 2F2E01EB215FCA810069DB68 /* ZSDeviceToolsManager.m */; };
		2F2E01EF215FD6980069DB68 /* ZSDeviceHardwareMessage.m in Sources */ = {isa = PBXBuildFile; fileRef = 2F2E01EE215FD6980069DB68 /* ZSDeviceHardwareMessage.m */; };
/* End PBXBuildFile section */

/* Begin PBXFileReference section */
		2F2E01C4215FB24A0069DB68 /* ZSArchitecture.app */ = {isa = PBXFileReference; explicitFileType = wrapper.application; includeInIndex = 0; path = ZSArchitecture.app; sourceTree = BUILT_PRODUCTS_DIR; };
		2F2E01C7215FB24A0069DB68 /* AppDelegate.h */ = {isa = PBXFileReference; lastKnownFileType = sourcecode.c.h; path = AppDelegate.h; sourceTree = "<group>"; };
		2F2E01C8215FB24A0069DB68 /* AppDelegate.m */ = {isa = PBXFileReference; lastKnownFileType = sourcecode.c.objc; path = AppDelegate.m; sourceTree = "<group>"; };
		2F2E01CA215FB24A0069DB68 /* ViewController.h */ = {isa = PBXFileReference; lastKnownFileType = sourcecode.c.h; path = ViewController.h; sourceTree = "<group>"; };
		2F2E01CB215FB24A0069DB68 /* ViewController.m */ = {isa = PBXFileReference; lastKnownFileType = sourcecode.c.objc; path = ViewController.m; sourceTree = "<group>"; };
		2F2E01CE215FB24A0069DB68 /* Base */ = {isa = PBXFileReference; lastKnownFileType = file.storyboard; name = Base; path = Base.lproj/Main.storyboard; sourceTree = "<group>"; };
		2F2E01D0215FB24C0069DB68 /* Assets.xcassets */ = {isa = PBXFileReference; lastKnownFileType = folder.assetcatalog; path = Assets.xcassets; sourceTree = "<group>"; };
		2F2E01D3215FB24C0069DB68 /* Base */ = {isa = PBXFileReference; lastKnownFileType = file.storyboard; name = Base; path = Base.lproj/LaunchScreen.storyboard; sourceTree = "<group>"; };
		2F2E01D5215FB24C0069DB68 /* Info.plist */ = {isa = PBXFileReference; lastKnownFileType = text.plist.xml; path = Info.plist; sourceTree = "<group>"; };
		2F2E01D6215FB24C0069DB68 /* main.m */ = {isa = PBXFileReference; lastKnownFileType = sourcecode.c.objc; path = main.m; sourceTree = "<group>"; };
		2F2E01EA215FCA810069DB68 /* ZSDeviceToolsManager.h */ = {isa = PBXFileReference; lastKnownFileType = sourcecode.c.h; path = ZSDeviceToolsManager.h; sourceTree = "<group>"; };
		2F2E01EB215FCA810069DB68 /* ZSDeviceToolsManager.m */ = {isa = PBXFileReference; lastKnownFileType = sourcecode.c.objc; path = ZSDeviceToolsManager.m; sourceTree = "<group>"; };
		2F2E01ED215FD6980069DB68 /* ZSDeviceHardwareMessage.h */ = {isa = PBXFileReference; lastKnownFileType = sourcecode.c.h; path = ZSDeviceHardwareMessage.h; sourceTree = "<group>"; };
		2F2E01EE215FD6980069DB68 /* ZSDeviceHardwareMessage.m */ = {isa = PBXFileReference; lastKnownFileType = sourcecode.c.objc; path = ZSDeviceHardwareMessage.m; sourceTree = "<group>"; };
/* End PBXFileReference section */

/* Begin PBXFrameworksBuildPhase section */
		2F2E01C1215FB24A0069DB68 /* Frameworks */ = {
			isa = PBXFrameworksBuildPhase;
			buildActionMask = 2147483647;
			files = (
			);
			runOnlyForDeploymentPostprocessing = 0;
		};
/* End PBXFrameworksBuildPhase section */

/* Begin PBXGroup section */
		2F2E01BB215FB24A0069DB68 = {
			isa = PBXGroup;
			children = (
				2F2E01C6215FB24A0069DB68 /* ZSArchitecture */,
				2F2E01C5215FB24A0069DB68 /* Products */,
			);
			sourceTree = "<group>";
		};
		2F2E01C5215FB24A0069DB68 /* Products */ = {
			isa = PBXGroup;
			children = (
				2F2E01C4215FB24A0069DB68 /* ZSArchitecture.app */,
			);
			name = Products;
			sourceTree = "<group>";
		};
		2F2E01C6215FB24A0069DB68 /* ZSArchitecture */ = {
			isa = PBXGroup;
			children = (
				2F2E01E3215FC4060069DB68 /* CommonComponent  */,
				2F2E01DE215FC24F0069DB68 /* CommonTools */,
				2F2E01DD215FC06A0069DB68 /* AppInit */,
				2F2E01D0215FB24C0069DB68 /* Assets.xcassets */,
				2F2E01D2215FB24C0069DB68 /* LaunchScreen.storyboard */,
				2F2E01CD215FB24A0069DB68 /* Main.storyboard */,
				2F2E01D5215FB24C0069DB68 /* Info.plist */,
				2F2E01D6215FB24C0069DB68 /* main.m */,
			);
			path = ZSArchitecture;
			sourceTree = "<group>";
		};
		2F2E01DD215FC06A0069DB68 /* AppInit */ = {
			isa = PBXGroup;
			children = (
				2F2E01C7215FB24A0069DB68 /* AppDelegate.h */,
				2F2E01C8215FB24A0069DB68 /* AppDelegate.m */,
				2F2E01CA215FB24A0069DB68 /* ViewController.h */,
				2F2E01CB215FB24A0069DB68 /* ViewController.m */,
			);
			path = AppInit;
			sourceTree = "<group>";
		};
		2F2E01DE215FC24F0069DB68 /* CommonTools */ = {
			isa = PBXGroup;
			children = (
				2F2E01E7215FC9E10069DB68 /* DeviceTools */,
				2F2E01E2215FC35A0069DB68 /* ImageTools */,
				2F2E01E0215FC2CB0069DB68 /* String&CharTools */,
				2F2E01DF215FC2BC0069DB68 /* FilesTools */,
			);
			path = CommonTools;
			sourceTree = "<group>";
		};
		2F2E01DF215FC2BC0069DB68 /* FilesTools */ = {
			isa = PBXGroup;
			children = (
			);
			path = FilesTools;
			sourceTree = "<group>";
		};
		2F2E01E0215FC2CB0069DB68 /* String&CharTools */ = {
			isa = PBXGroup;
			children = (
			);
			path = "String&CharTools";
			sourceTree = "<group>";
		};
		2F2E01E2215FC35A0069DB68 /* ImageTools */ = {
			isa = PBXGroup;
			children = (
			);
			path = ImageTools;
			sourceTree = "<group>";
		};
		2F2E01E3215FC4060069DB68 /* CommonComponent  */ = {
			isa = PBXGroup;
			children = (
				2F2E01E6215FC9150069DB68 /* CacheComponent */,
				2F2E01E5215FC4CC0069DB68 /* NetWorkingComponent */,
				2F2E01E4215FC48D0069DB68 /* LocationComponent  */,
			);
			path = "CommonComponent ";
			sourceTree = "<group>";
		};
		2F2E01E4215FC48D0069DB68 /* LocationComponent  */ = {
			isa = PBXGroup;
			children = (
			);
			path = "LocationComponent ";
			sourceTree = "<group>";
		};
		2F2E01E5215FC4CC0069DB68 /* NetWorkingComponent */ = {
			isa = PBXGroup;
			children = (
			);
			path = NetWorkingComponent;
			sourceTree = "<group>";
		};
		2F2E01E6215FC9150069DB68 /* CacheComponent */ = {
			isa = PBXGroup;
			children = (
			);
			path = CacheComponent;
			sourceTree = "<group>";
		};
		2F2E01E7215FC9E10069DB68 /* DeviceTools */ = {
			isa = PBXGroup;
			children = (
				2F2E01E8215FCA190069DB68 /* DeviceManager */,
				2F2E01E9215FCA3C0069DB68 /* DeviceBaseMessage */,
			);
			path = DeviceTools;
			sourceTree = "<group>";
		};
		2F2E01E8215FCA190069DB68 /* DeviceManager */ = {
			isa = PBXGroup;
			children = (
				2F2E01EA215FCA810069DB68 /* ZSDeviceToolsManager.h */,
				2F2E01EB215FCA810069DB68 /* ZSDeviceToolsManager.m */,
			);
			path = DeviceManager;
			sourceTree = "<group>";
		};
		2F2E01E9215FCA3C0069DB68 /* DeviceBaseMessage */ = {
			isa = PBXGroup;
			children = (
				2F2E01ED215FD6980069DB68 /* ZSDeviceHardwareMessage.h */,
				2F2E01EE215FD6980069DB68 /* ZSDeviceHardwareMessage.m */,
			);
			path = DeviceBaseMessage;
			sourceTree = "<group>";
		};
/* End PBXGroup section */

/* Begin PBXNativeTarget section */
		2F2E01C3215FB24A0069DB68 /* ZSArchitecture */ = {
			isa = PBXNativeTarget;
			buildConfigurationList = 2F2E01DA215FB24C0069DB68 /* Build configuration list for PBXNativeTarget "ZSArchitecture" */;
			buildPhases = (
				2F2E01C0215FB24A0069DB68 /* Sources */,
				2F2E01C1215FB24A0069DB68 /* Frameworks */,
				2F2E01C2215FB24A0069DB68 /* Resources */,
			);
			buildRules = (
			);
			dependencies = (
			);
			name = ZSArchitecture;
			productName = ZSArchitecture;
			productReference = 2F2E01C4215FB24A0069DB68 /* ZSArchitecture.app */;
			productType = "com.apple.product-type.application";
		};
/* End PBXNativeTarget section */

/* Begin PBXProject section */
		2F2E01BC215FB24A0069DB68 /* Project object */ = {
			isa = PBXProject;
			attributes = {
				LastUpgradeCheck = 1000;
				ORGANIZATIONNAME = "道道明明白白";
				TargetAttributes = {
					2F2E01C3215FB24A0069DB68 = {
						CreatedOnToolsVersion = 10.0;
					};
				};
			};
			buildConfigurationList = 2F2E01BF215FB24A0069DB68 /* Build configuration list for PBXProject "ZSArchitecture" */;
			compatibilityVersion = "Xcode 9.3";
			developmentRegion = en;
			hasScannedForEncodings = 0;
			knownRegions = (
				en,
				Base,
			);
			mainGroup = 2F2E01BB215FB24A0069DB68;
			productRefGroup = 2F2E01C5215FB24A0069DB68 /* Products */;
			projectDirPath = "";
			projectRoot = "";
			targets = (
				2F2E01C3215FB24A0069DB68 /* ZSArchitecture */,
			);
		};
/* End PBXProject section */

/* Begin PBXResourcesBuildPhase section */
		2F2E01C2215FB24A0069DB68 /* Resources */ = {
			isa = PBXResourcesBuildPhase;
			buildActionMask = 2147483647;
			files = (
				2F2E01D4215FB24C0069DB68 /* LaunchScreen.storyboard in Resources */,
				2F2E01D1215FB24C0069DB68 /* Assets.xcassets in Resources */,
				2F2E01CF215FB24A0069DB68 /* Main.storyboard in Resources */,
			);
			runOnlyForDeploymentPostprocessing = 0;
		};
/* End PBXResourcesBuildPhase section */

/* Begin PBXSourcesBuildPhase section */
		2F2E01C0215FB24A0069DB68 /* Sources */ = {
			isa = PBXSourcesBuildPhase;
			buildActionMask = 2147483647;
			files = (
				2F2E01CC215FB24A0069DB68 /* ViewController.m in Sources */,
				2F2E01EF215FD6980069DB68 /* ZSDeviceHardwareMessage.m in Sources */,
				2F2E01D7215FB24C0069DB68 /* main.m in Sources */,
				2F2E01EC215FCA810069DB68 /* ZSDeviceToolsManager.m in Sources */,
				2F2E01C9215FB24A0069DB68 /* AppDelegate.m in Sources */,
			);
			runOnlyForDeploymentPostprocessing = 0;
		};
/* End PBXSourcesBuildPhase section */

/* Begin PBXVariantGroup section */
		2F2E01CD215FB24A0069DB68 /* Main.storyboard */ = {
			isa = PBXVariantGroup;
			children = (
				2F2E01CE215FB24A0069DB68 /* Base */,
			);
			name = Main.storyboard;
			sourceTree = "<group>";
		};
		2F2E01D2215FB24C0069DB68 /* LaunchScreen.storyboard */ = {
			isa = PBXVariantGroup;
			children = (
				2F2E01D3215FB24C0069DB68 /* Base */,
			);
			name = LaunchScreen.storyboard;
			sourceTree = "<group>";
		};
/* End PBXVariantGroup section */

/* Begin XCBuildConfiguration section */
		2F2E01D8215FB24C0069DB68 /* Debug */ = {
			isa = XCBuildConfiguration;
			buildSettings = {
				ALWAYS_SEARCH_USER_PATHS = NO;
				CLANG_ANALYZER_NONNULL = YES;
				CLANG_ANALYZER_NUMBER_OBJECT_CONVERSION = YES_AGGRESSIVE;
				CLANG_CXX_LANGUAGE_STANDARD = "gnu++14";
				CLANG_CXX_LIBRARY = "libc++";
				CLANG_ENABLE_MODULES = YES;
				CLANG_ENABLE_OBJC_ARC = YES;
				CLANG_ENABLE_OBJC_WEAK = YES;
				CLANG_WARN_BLOCK_CAPTURE_AUTORELEASING = YES;
				CLANG_WARN_BOOL_CONVERSION = YES;
				CLANG_WARN_COMMA = YES;
				CLANG_WARN_CONSTANT_CONVERSION = YES;
				CLANG_WARN_DEPRECATED_OBJC_IMPLEMENTATIONS = YES;
				CLANG_WARN_DIRECT_OBJC_ISA_USAGE = YES_ERROR;
				CLANG_WARN_DOCUMENTATION_COMMENTS = YES;
				CLANG_WARN_EMPTY_BODY = YES;
				CLANG_WARN_ENUM_CONVERSION = YES;
				CLANG_WARN_INFINITE_RECURSION = YES;
				CLANG_WARN_INT_CONVERSION = YES;
				CLANG_WARN_NON_LITERAL_NULL_CONVERSION = YES;
				CLANG_WARN_OBJC_IMPLICIT_RETAIN_SELF = YES;
				CLANG_WARN_OBJC_LITERAL_CONVERSION = YES;
				CLANG_WARN_OBJC_ROOT_CLASS = YES_ERROR;
				CLANG_WARN_RANGE_LOOP_ANALYSIS = YES;
				CLANG_WARN_STRICT_PROTOTYPES = YES;
				CLANG_WARN_SUSPICIOUS_MOVE = YES;
				CLANG_WARN_UNGUARDED_AVAILABILITY = YES_AGGRESSIVE;
				CLANG_WARN_UNREACHABLE_CODE = YES;
				CLANG_WARN__DUPLICATE_METHOD_MATCH = YES;
				CODE_SIGN_IDENTITY = "iPhone Developer";
				COPY_PHASE_STRIP = NO;
				DEBUG_INFORMATION_FORMAT = dwarf;
				ENABLE_STRICT_OBJC_MSGSEND = YES;
				ENABLE_TESTABILITY = YES;
				GCC_C_LANGUAGE_STANDARD = gnu11;
				GCC_DYNAMIC_NO_PIC = NO;
				GCC_NO_COMMON_BLOCKS = YES;
				GCC_OPTIMIZATION_LEVEL = 0;
				GCC_PREPROCESSOR_DEFINITIONS = (
					"DEBUG=1",
					"$(inherited)",
				);
				GCC_WARN_64_TO_32_BIT_CONVERSION = YES;
				GCC_WARN_ABOUT_RETURN_TYPE = YES_ERROR;
				GCC_WARN_UNDECLARED_SELECTOR = YES;
				GCC_WARN_UNINITIALIZED_AUTOS = YES_AGGRESSIVE;
				GCC_WARN_UNUSED_FUNCTION = YES;
				GCC_WARN_UNUSED_VARIABLE = YES;
				IPHONEOS_DEPLOYMENT_TARGET = 12.0;
				MTL_ENABLE_DEBUG_INFO = INCLUDE_SOURCE;
				MTL_FAST_MATH = YES;
				ONLY_ACTIVE_ARCH = YES;
				SDKROOT = iphoneos;
			};
			name = Debug;
		};
		2F2E01D9215FB24C0069DB68 /* Release */ = {
			isa = XCBuildConfiguration;
			buildSettings = {
				ALWAYS_SEARCH_USER_PATHS = NO;
				CLANG_ANALYZER_NONNULL = YES;
				CLANG_ANALYZER_NUMBER_OBJECT_CONVERSION = YES_AGGRESSIVE;
				CLANG_CXX_LANGUAGE_STANDARD = "gnu++14";
				CLANG_CXX_LIBRARY = "libc++";
				CLANG_ENABLE_MODULES = YES;
				CLANG_ENABLE_OBJC_ARC = YES;
				CLANG_ENABLE_OBJC_WEAK = YES;
				CLANG_WARN_BLOCK_CAPTURE_AUTORELEASING = YES;
				CLANG_WARN_BOOL_CONVERSION = YES;
				CLANG_WARN_COMMA = YES;
				CLANG_WARN_CONSTANT_CONVERSION = YES;
				CLANG_WARN_DEPRECATED_OBJC_IMPLEMENTATIONS = YES;
				CLANG_WARN_DIRECT_OBJC_ISA_USAGE = YES_ERROR;
				CLANG_WARN_DOCUMENTATION_COMMENTS = YES;
				CLANG_WARN_EMPTY_BODY = YES;
				CLANG_WARN_ENUM_CONVERSION = YES;
				CLANG_WARN_INFINITE_RECURSION = YES;
				CLANG_WARN_INT_CONVERSION = YES;
				CLANG_WARN_NON_LITERAL_NULL_CONVERSION = YES;
				CLANG_WARN_OBJC_IMPLICIT_RETAIN_SELF = YES;
				CLANG_WARN_OBJC_LITERAL_CONVERSION = YES;
				CLANG_WARN_OBJC_ROOT_CLASS = YES_ERROR;
				CLANG_WARN_RANGE_LOOP_ANALYSIS = YES;
				CLANG_WARN_STRICT_PROTOTYPES = YES;
				CLANG_WARN_SUSPICIOUS_MOVE = YES;
				CLANG_WARN_UNGUARDED_AVAILABILITY = YES_AGGRESSIVE;
				CLANG_WARN_UNREACHABLE_CODE = YES;
				CLANG_WARN__DUPLICATE_METHOD_MATCH = YES;
				CODE_SIGN_IDENTITY = "iPhone Developer";
				COPY_PHASE_STRIP = NO;
				DEBUG_INFORMATION_FORMAT = "dwarf-with-dsym";
				ENABLE_NS_ASSERTIONS = NO;
				ENABLE_STRICT_OBJC_MSGSEND = YES;
				GCC_C_LANGUAGE_STANDARD = gnu11;
				GCC_NO_COMMON_BLOCKS = YES;
				GCC_WARN_64_TO_32_BIT_CONVERSION = YES;
				GCC_WARN_ABOUT_RETURN_TYPE = YES_ERROR;
				GCC_WARN_UNDECLARED_SELECTOR = YES;
				GCC_WARN_UNINITIALIZED_AUTOS = YES_AGGRESSIVE;
				GCC_WARN_UNUSED_FUNCTION = YES;
				GCC_WARN_UNUSED_VARIABLE = YES;
				IPHONEOS_DEPLOYMENT_TARGET = 12.0;
				MTL_ENABLE_DEBUG_INFO = NO;
				MTL_FAST_MATH = YES;
				SDKROOT = iphoneos;
				VALIDATE_PRODUCT = YES;
			};
			name = Release;
		};
		2F2E01DB215FB24C0069DB68 /* Debug */ = {
			isa = XCBuildConfiguration;
			buildSettings = {
				ASSETCATALOG_COMPILER_APPICON_NAME = AppIcon;
				CODE_SIGN_STYLE = Automatic;
				DEVELOPMENT_TEAM = UJH48WSBNE;
				INFOPLIST_FILE = ZSArchitecture/Info.plist;
				IPHONEOS_DEPLOYMENT_TARGET = 9.0;
				LD_RUNPATH_SEARCH_PATHS = (
					"$(inherited)",
					"@executable_path/Frameworks",
				);
				PRODUCT_BUNDLE_IDENTIFIER = www.renrensheji.com.ZSArchitecture;
				PRODUCT_NAME = "$(TARGET_NAME)";
				TARGETED_DEVICE_FAMILY = "1,2";
			};
			name = Debug;
		};
		2F2E01DC215FB24C0069DB68 /* Release */ = {
			isa = XCBuildConfiguration;
			buildSettings = {
				ASSETCATALOG_COMPILER_APPICON_NAME = AppIcon;
				CODE_SIGN_STYLE = Automatic;
				DEVELOPMENT_TEAM = UJH48WSBNE;
				INFOPLIST_FILE = ZSArchitecture/Info.plist;
				IPHONEOS_DEPLOYMENT_TARGET = 9.0;
				LD_RUNPATH_SEARCH_PATHS = (
					"$(inherited)",
					"@executable_path/Frameworks",
				);
				PRODUCT_BUNDLE_IDENTIFIER = www.renrensheji.com.ZSArchitecture;
				PRODUCT_NAME = "$(TARGET_NAME)";
				TARGETED_DEVICE_FAMILY = "1,2";
			};
			name = Release;
		};
/* End XCBuildConfiguration section */

/* Begin XCConfigurationList section */
		2F2E01BF215FB24A0069DB68 /* Build configuration list for PBXProject "ZSArchitecture" */ = {
			isa = XCConfigurationList;
			buildConfigurations = (
				2F2E01D8215FB24C0069DB68 /* Debug */,
				2F2E01D9215FB24C0069DB68 /* Release */,
			);
			defaultConfigurationIsVisible = 0;
			defaultConfigurationName = Release;
		};
		2F2E01DA215FB24C0069DB68 /* Build configuration list for PBXNativeTarget "ZSArchitecture" */ = {
			isa = XCConfigurationList;
			buildConfigurations = (
				2F2E01DB215FB24C0069DB68 /* Debug */,
				2F2E01DC215FB24C0069DB68 /* Release */,
			);
			defaultConfigurationIsVisible = 0;
			defaultConfigurationName = Release;
		};
/* End XCConfigurationList section */
	};
	rootObject = 2F2E01BC215FB24A0069DB68 /* Project object */;
}
